
Microsoft Visual Studio Solution File, Format Version 12.00
# Visual Studio Version 16
VisualStudioVersion = 16.0.30002.166
MinimumVisualStudioVersion = 10.0.40219.1
Project("{FAE04EC0-301F-11D3-BF4B-00C04F79EFBC}") = "ShopCET46.Common", "ShopCET46.Common\ShopCET46.Common.csproj", "{62102A76-4895-4267-967B-AFACC7C1F67D}"
EndProject
Project("{FAE04EC0-301F-11D3-BF4B-00C04F79EFBC}") = "ShopCET46.WEB", "ShopCET46.WEB\ShopCET46.WEB.csproj", "{8DEB8BD3-D68A-4829-A64B-6E91020BDA04}"
EndProject
Global
	GlobalSection(SolutionConfigurationPlatforms) = preSolution
		Debug|Any CPU = Debug|Any CPU
		Release|Any CPU = Release|Any CPU
	EndGlobalSection
	GlobalSection(ProjectConfigurationPlatforms) = postSolution
		{62102A76-4895-4267-967B-AFACC7C1F67D}.Debug|Any CPU.ActiveCfg = Debug|Any CPU
		{62102A76-4895-4267-967B-AFACC7C1F67D}.Debug|Any CPU.Build.0 = Debug|Any CPU
		{62102A76-4895-4267-967B-AFACC7C1F67D}.Release|Any CPU.ActiveCfg = Release|Any CPU
		{62102A76-4895-4267-967B-AFACC7C1F67D}.Release|Any CPU.Build.0 = Release|Any CPU
		{8DEB8BD3-D68A-4829-A64B-6E91020BDA04}.Debug|Any CPU.ActiveCfg = Debug|Any CPU
		{8DEB8BD3-D68A-4829-A64B-6E91020BDA04}.Debug|Any CPU.Build.0 = Debug|Any CPU
		{8DEB8BD3-D68A-4829-A64B-6E91020BDA04}.Release|Any CPU.ActiveCfg = Release|Any CPU
		{8DEB8BD3-D68A-4829-A64B-6E91020BDA04}.Release|Any CPU.Build.0 = Release|Any CPU
	EndGlobalSection
	GlobalSection(SolutionProperties) = preSolution
		HideSolutionNode = FALSE
	EndGlobalSection
	GlobalSection(ExtensibilityGlobals) = postSolution
		SolutionGuid = {F0D0B3BC-9F23-4578-888B-77867842BDE0}
	EndGlobalSection
EndGlobal
